
Microsoft Visual Studio Solution File, Format Version 12.00
# Visual Studio Version 17
VisualStudioVersion = 17.4.33213.308
MinimumVisualStudioVersion = 10.0.40219.1
Project("{FAE04EC0-301F-11D3-BF4B-00C04F79EFBC}") = "Week6StringsAndArrays", "Week6StringsAndArrays\Week6StringsAndArrays.csproj", "{80063DCE-16F2-410C-9C6F-B25B31298B24}"
EndProject
Project("{FAE04EC0-301F-11D3-BF4B-00C04F79EFBC}") = "Arrays", "Arrays\Arrays.csproj", "{40A0754D-FADB-4258-836D-27E677B449DB}"
EndProject
Project("{FAE04EC0-301F-11D3-BF4B-00C04F79EFBC}") = "NumberArray", "NumberArray\NumberArray.csproj", "{74AAE201-0BB9-4C7D-9EDD-7F700B48C427}"
EndProject
Project("{FAE04EC0-301F-11D3-BF4B-00C04F79EFBC}") = "RandomElement", "RandomElement\RandomElement.csproj", "{59EC3AD5-E7A0-4D6E-96ED-E45DD9542912}"
EndProject
Global
	GlobalSection(SolutionConfigurationPlatforms) = preSolution
		Debug|Any CPU = Debug|Any CPU
		Release|Any CPU = Release|Any CPU
	EndGlobalSection
	GlobalSection(ProjectConfigurationPlatforms) = postSolution
		{80063DCE-16F2-410C-9C6F-B25B31298B24}.Debug|Any CPU.ActiveCfg = Debug|Any CPU
		{80063DCE-16F2-410C-9C6F-B25B31298B24}.Debug|Any CPU.Build.0 = Debug|Any CPU
		{80063DCE-16F2-410C-9C6F-B25B31298B24}.Release|Any CPU.ActiveCfg = Release|Any CPU
		{80063DCE-16F2-410C-9C6F-B25B31298B24}.Release|Any CPU.Build.0 = Release|Any CPU
		{40A0754D-FADB-4258-836D-27E677B449DB}.Debug|Any CPU.ActiveCfg = Debug|Any CPU
		{40A0754D-FADB-4258-836D-27E677B449DB}.Debug|Any CPU.Build.0 = Debug|Any CPU
		{40A0754D-FADB-4258-836D-27E677B449DB}.Release|Any CPU.ActiveCfg = Release|Any CPU
		{40A0754D-FADB-4258-836D-27E677B449DB}.Release|Any CPU.Build.0 = Release|Any CPU
		{74AAE201-0BB9-4C7D-9EDD-7F700B48C427}.Debug|Any CPU.ActiveCfg = Debug|Any CPU
		{74AAE201-0BB9-4C7D-9EDD-7F700B48C427}.Debug|Any CPU.Build.0 = Debug|Any CPU
		{74AAE201-0BB9-4C7D-9EDD-7F700B48C427}.Release|Any CPU.ActiveCfg = Release|Any CPU
		{74AAE201-0BB9-4C7D-9EDD-7F700B48C427}.Release|Any CPU.Build.0 = Release|Any CPU
		{59EC3AD5-E7A0-4D6E-96ED-E45DD9542912}.Debug|Any CPU.ActiveCfg = Debug|Any CPU
		{59EC3AD5-E7A0-4D6E-96ED-E45DD9542912}.Debug|Any CPU.Build.0 = Debug|Any CPU
		{59EC3AD5-E7A0-4D6E-96ED-E45DD9542912}.Release|Any CPU.ActiveCfg = Release|Any CPU
		{59EC3AD5-E7A0-4D6E-96ED-E45DD9542912}.Release|Any CPU.Build.0 = Release|Any CPU
	EndGlobalSection
	GlobalSection(SolutionProperties) = preSolution
		HideSolutionNode = FALSE
	EndGlobalSection
	GlobalSection(ExtensibilityGlobals) = postSolution
		SolutionGuid = {8914EECE-9708-460E-AF89-F6C35ABBD147}
	EndGlobalSection
EndGlobal
